
Microsoft Visual Studio Solution File, Format Version 12.00
# Visual Studio Version 16
VisualStudioVersion = 16.0.31112.23
MinimumVisualStudioVersion = 10.0.40219.1
Project("{FAE04EC0-301F-11D3-BF4B-00C04F79EFBC}") = "TaycanLogger", "TaycanLogger.csproj", "{43C72D1B-A4D5-4CD0-A9B6-5EFEE49988D4}"
EndProject
Global
	GlobalSection(SolutionConfigurationPlatforms) = preSolution
		Debug|Any CPU = Debug|Any CPU
		Release|Any CPU = Release|Any CPU
	EndGlobalSection
	GlobalSection(ProjectConfigurationPlatforms) = postSolution
		{43C72D1B-A4D5-4CD0-A9B6-5EFEE49988D4}.Debug|Any CPU.ActiveCfg = Debug|Any CPU
		{43C72D1B-A4D5-4CD0-A9B6-5EFEE49988D4}.Debug|Any CPU.Build.0 = Debug|Any CPU
		{43C72D1B-A4D5-4CD0-A9B6-5EFEE49988D4}.Release|Any CPU.ActiveCfg = Release|Any CPU
		{43C72D1B-A4D5-4CD0-A9B6-5EFEE49988D4}.Release|Any CPU.Build.0 = Release|Any CPU
	EndGlobalSection
	GlobalSection(SolutionProperties) = preSolution
		HideSolutionNode = FALSE
	EndGlobalSection
	GlobalSection(ExtensibilityGlobals) = postSolution
		SolutionGuid = {D0488649-9E57-4C06-A746-035C0EE14F90}
	EndGlobalSection
EndGlobal
