
Microsoft Visual Studio Solution File, Format Version 12.00
# Visual Studio Version 17
VisualStudioVersion = 17.1.32210.238
MinimumVisualStudioVersion = 10.0.40219.1
Project("{9A19103F-16F7-4668-BE54-9A1E7A4F7556}") = "TaycanLoggerForms", "TaycanLoggerWinForms\TaycanLoggerForms.csproj", "{43C72D1B-A4D5-4CD0-A9B6-5EFEE49988D4}"
EndProject
Project("{9A19103F-16F7-4668-BE54-9A1E7A4F7556}") = "OBDSession", "OBDSession\OBDSession.csproj", "{B40E5154-FCF7-41BB-AA2D-57D756331274}"
EndProject
Project("{9A19103F-16F7-4668-BE54-9A1E7A4F7556}") = "TaycanLogWPF", "TaycanLogWPF\TaycanLogWPF.csproj", "{6165F5B0-86C8-4E72-86A7-595E74A9106B}"
EndProject
Project("{2150E333-8FDC-42A3-9474-1A3956D46DE8}") = "Solution Items", "Solution Items", "{2E59A1C1-AD5A-4C82-A1EF-3CD726458DC2}"
	ProjectSection(SolutionItems) = preProject
		Logger.info.txt = Logger.info.txt
		obd2_GW.xml = obd2_GW.xml
		Volvo.xml = Volvo.xml
	EndProjectSection
EndProject
Global
	GlobalSection(SolutionConfigurationPlatforms) = preSolution
		Debug|Any CPU = Debug|Any CPU
		Release|Any CPU = Release|Any CPU
	EndGlobalSection
	GlobalSection(ProjectConfigurationPlatforms) = postSolution
		{43C72D1B-A4D5-4CD0-A9B6-5EFEE49988D4}.Debug|Any CPU.ActiveCfg = Debug|Any CPU
		{43C72D1B-A4D5-4CD0-A9B6-5EFEE49988D4}.Debug|Any CPU.Build.0 = Debug|Any CPU
		{43C72D1B-A4D5-4CD0-A9B6-5EFEE49988D4}.Release|Any CPU.ActiveCfg = Release|Any CPU
		{43C72D1B-A4D5-4CD0-A9B6-5EFEE49988D4}.Release|Any CPU.Build.0 = Release|Any CPU
		{B40E5154-FCF7-41BB-AA2D-57D756331274}.Debug|Any CPU.ActiveCfg = Debug|Any CPU
		{B40E5154-FCF7-41BB-AA2D-57D756331274}.Debug|Any CPU.Build.0 = Debug|Any CPU
		{B40E5154-FCF7-41BB-AA2D-57D756331274}.Release|Any CPU.ActiveCfg = Release|Any CPU
		{B40E5154-FCF7-41BB-AA2D-57D756331274}.Release|Any CPU.Build.0 = Release|Any CPU
		{6165F5B0-86C8-4E72-86A7-595E74A9106B}.Debug|Any CPU.ActiveCfg = Debug|Any CPU
		{6165F5B0-86C8-4E72-86A7-595E74A9106B}.Debug|Any CPU.Build.0 = Debug|Any CPU
		{6165F5B0-86C8-4E72-86A7-595E74A9106B}.Release|Any CPU.ActiveCfg = Release|Any CPU
		{6165F5B0-86C8-4E72-86A7-595E74A9106B}.Release|Any CPU.Build.0 = Release|Any CPU
	EndGlobalSection
	GlobalSection(SolutionProperties) = preSolution
		HideSolutionNode = FALSE
	EndGlobalSection
	GlobalSection(ExtensibilityGlobals) = postSolution
		SolutionGuid = {D0488649-9E57-4C06-A746-035C0EE14F90}
	EndGlobalSection
EndGlobal
